github.com/tnarik/hugo-homebrewery v0.0.0-20230921101457-7218f82b4d1e h1:Ch8Sp7kMEpIgCStp+PsggfvieCKh7uMKDCuetXIrt/U=
github.com/tnarik/hugo-homebrewery v0.0.0-20230921101457-7218f82b4d1e/go.mod h1:rIArj8GMcPLaICimVbYCWNcj0dyshP9BZA80CaeFd/U=
github.com/tnarik/hugo-homebrewery v0.0.0-20250426154603-8604c5749068 h1:0l6xkHTyqVNf8vhFcE4I6fJhYpVp9+WOCyT5utS4Xbs=
github.com/tnarik/hugo-homebrewery v0.0.0-20250426154603-8604c5749068/go.mod h1:n0lbgsD5juNDt54cwIOOlWdHe3vHNNgN2BgBBfaW+hE=
